
Microsoft Visual Studio Solution File, Format Version 12.00
# Visual Studio 15
VisualStudioVersion = 15.0.26730.15
MinimumVisualStudioVersion = 10.0.40219.1
Project("{FAE04EC0-301F-11D3-BF4B-00C04F79EFBC}") = "OlaMundo2", "OlaMundo2\OlaMundo2.csproj", "{3C9A8657-56C4-4DB9-8E5E-B77AD2DA35B7}"
EndProject
Global
	GlobalSection(SolutionConfigurationPlatforms) = preSolution
		Debug|Any CPU = Debug|Any CPU
		Release|Any CPU = Release|Any CPU
	EndGlobalSection
	GlobalSection(ProjectConfigurationPlatforms) = postSolution
		{3C9A8657-56C4-4DB9-8E5E-B77AD2DA35B7}.Debug|Any CPU.ActiveCfg = Debug|Any CPU
		{3C9A8657-56C4-4DB9-8E5E-B77AD2DA35B7}.Debug|Any CPU.Build.0 = Debug|Any CPU
		{3C9A8657-56C4-4DB9-8E5E-B77AD2DA35B7}.Release|Any CPU.ActiveCfg = Release|Any CPU
		{3C9A8657-56C4-4DB9-8E5E-B77AD2DA35B7}.Release|Any CPU.Build.0 = Release|Any CPU
	EndGlobalSection
	GlobalSection(SolutionProperties) = preSolution
		HideSolutionNode = FALSE
	EndGlobalSection
	GlobalSection(ExtensibilityGlobals) = postSolution
		SolutionGuid = {A41A4A78-BEA5-47F3-BAC2-6DC4AD6D5372}
	EndGlobalSection
EndGlobal
